
Microsoft Visual Studio Solution File, Format Version 12.00
# Visual Studio Version 16
VisualStudioVersion = 16.0.30413.136
MinimumVisualStudioVersion = 10.0.40219.1
Project("{FAE04EC0-301F-11D3-BF4B-00C04F79EFBC}") = "MyShop.Core", "MyShop.Core\MyShop.Core.csproj", "{5BC45DAD-65A8-481C-95A1-E6D0BBE09FD0}"
EndProject
Project("{FAE04EC0-301F-11D3-BF4B-00C04F79EFBC}") = "MyShop.Services", "MyShop.Services\MyShop.Services.csproj", "{B75BC221-90ED-4FBF-AAC9-EA7D958FD543}"
EndProject
Project("{FAE04EC0-301F-11D3-BF4B-00C04F79EFBC}") = "MyShop.DataAccess.SQL", "MyShop.DataAccess.SQL\MyShop.DataAccess.SQL.csproj", "{5EE08545-CAD1-4C4A-AB1D-1B4D80941C5A}"
EndProject
Project("{FAE04EC0-301F-11D3-BF4B-00C04F79EFBC}") = "MyShop.DataAccess.InMemory", "MyShop.DataAccess.InMemory\MyShop.DataAccess.InMemory.csproj", "{5FE490C6-107D-4531-8577-B87B6B1C1EFA}"
EndProject
Project("{FAE04EC0-301F-11D3-BF4B-00C04F79EFBC}") = "MyShop.WebUI", "MyShop.WebUI\MyShop.WebUI.csproj", "{FBAF044C-E9F8-4655-B7A0-06DE99B690F2}"
EndProject
Project("{FAE04EC0-301F-11D3-BF4B-00C04F79EFBC}") = "MyShop.WebUI.Tests", "MyShop.WebUI.Tests\MyShop.WebUI.Tests.csproj", "{DEC0AEE4-7B73-4F42-9E06-F69FA2EBAE8F}"
EndProject
Global
	GlobalSection(SolutionConfigurationPlatforms) = preSolution
		Debug|Any CPU = Debug|Any CPU
		Release|Any CPU = Release|Any CPU
	EndGlobalSection
	GlobalSection(ProjectConfigurationPlatforms) = postSolution
		{5BC45DAD-65A8-481C-95A1-E6D0BBE09FD0}.Debug|Any CPU.ActiveCfg = Debug|Any CPU
		{5BC45DAD-65A8-481C-95A1-E6D0BBE09FD0}.Debug|Any CPU.Build.0 = Debug|Any CPU
		{5BC45DAD-65A8-481C-95A1-E6D0BBE09FD0}.Release|Any CPU.ActiveCfg = Release|Any CPU
		{5BC45DAD-65A8-481C-95A1-E6D0BBE09FD0}.Release|Any CPU.Build.0 = Release|Any CPU
		{B75BC221-90ED-4FBF-AAC9-EA7D958FD543}.Debug|Any CPU.ActiveCfg = Debug|Any CPU
		{B75BC221-90ED-4FBF-AAC9-EA7D958FD543}.Debug|Any CPU.Build.0 = Debug|Any CPU
		{B75BC221-90ED-4FBF-AAC9-EA7D958FD543}.Release|Any CPU.ActiveCfg = Release|Any CPU
		{B75BC221-90ED-4FBF-AAC9-EA7D958FD543}.Release|Any CPU.Build.0 = Release|Any CPU
		{5EE08545-CAD1-4C4A-AB1D-1B4D80941C5A}.Debug|Any CPU.ActiveCfg = Debug|Any CPU
		{5EE08545-CAD1-4C4A-AB1D-1B4D80941C5A}.Debug|Any CPU.Build.0 = Debug|Any CPU
		{5EE08545-CAD1-4C4A-AB1D-1B4D80941C5A}.Release|Any CPU.ActiveCfg = Release|Any CPU
		{5EE08545-CAD1-4C4A-AB1D-1B4D80941C5A}.Release|Any CPU.Build.0 = Release|Any CPU
		{5FE490C6-107D-4531-8577-B87B6B1C1EFA}.Debug|Any CPU.ActiveCfg = Debug|Any CPU
		{5FE490C6-107D-4531-8577-B87B6B1C1EFA}.Debug|Any CPU.Build.0 = Debug|Any CPU
		{5FE490C6-107D-4531-8577-B87B6B1C1EFA}.Release|Any CPU.ActiveCfg = Release|Any CPU
		{5FE490C6-107D-4531-8577-B87B6B1C1EFA}.Release|Any CPU.Build.0 = Release|Any CPU
		{FBAF044C-E9F8-4655-B7A0-06DE99B690F2}.Debug|Any CPU.ActiveCfg = Debug|Any CPU
		{FBAF044C-E9F8-4655-B7A0-06DE99B690F2}.Debug|Any CPU.Build.0 = Debug|Any CPU
		{FBAF044C-E9F8-4655-B7A0-06DE99B690F2}.Release|Any CPU.ActiveCfg = Release|Any CPU
		{FBAF044C-E9F8-4655-B7A0-06DE99B690F2}.Release|Any CPU.Build.0 = Release|Any CPU
		{DEC0AEE4-7B73-4F42-9E06-F69FA2EBAE8F}.Debug|Any CPU.ActiveCfg = Debug|Any CPU
		{DEC0AEE4-7B73-4F42-9E06-F69FA2EBAE8F}.Debug|Any CPU.Build.0 = Debug|Any CPU
		{DEC0AEE4-7B73-4F42-9E06-F69FA2EBAE8F}.Release|Any CPU.ActiveCfg = Release|Any CPU
		{DEC0AEE4-7B73-4F42-9E06-F69FA2EBAE8F}.Release|Any CPU.Build.0 = Release|Any CPU
	EndGlobalSection
	GlobalSection(SolutionProperties) = preSolution
		HideSolutionNode = FALSE
	EndGlobalSection
	GlobalSection(ExtensibilityGlobals) = postSolution
		SolutionGuid = {440D470D-D651-4E85-9CEE-B4A6598F1AC5}
	EndGlobalSection
EndGlobal
